<Solution>
  <Folder Name="/src/">
    <Project Path="src/Infrastructure/Infrastructure.csproj" />
    <Project Path="src/Shared.Kernel/Shared.Kernel.csproj" />
  </Folder>

  <Folder Name="/src/Presentation/">
    <Project Path="src/Presentation/Api/Api.csproj" />
    <Project Path="src/Presentation/Auth/Auth.csproj" />
  </Folder>
  <Folder Name="/src/Modules/" />

  <Folder Name="/src/Modules/Academic/">
    <Project Path="src/Modules/Academic/Academic.Application/Academic.App.csproj" />
    <Project Path="src/Modules/Academic/Academic.Domain/Academic.Domain.csproj" />
  </Folder>
  <Folder Name="/src/Modules/Tools/">
    <Project Path="src/Modules/Tools/Tools.Application/Tools.Application.csproj" />
  </Folder>
  <Folder Name="/src/Modules/Commission/">
    <Project Path="src/Modules/Commission/Commission.Application/Commission.App.csproj" />
    <Project Path="src/Modules/Commission/Commission.Domain/Commission.Domain.csproj" />
  </Folder>
  <Folder Name="/src/Modules/Finance/">
    <Project Path="src/Modules/Finance/Finance.Application/Finance.App.csproj" />
    <Project Path="src/Modules/Finance/Finance.Domain/Finance.Domain.csproj" />
  </Folder>
  <Folder Name="/src/Modules/Showcase/">
    <Project Path="src/Modules/Showcase/Showcase.Application/Showcase.App.csproj" />
    <Project Path="src/Modules/Showcase/Showcase.Domain/Showcase.Domain.csproj" />
  </Folder>
  <Folder Name="/src/Modules/Workspace/">
    <Project Path="src/Modules/Workspace/Workspace.Application/Workspace.App.csproj" />
    <Project Path="src/Modules/Workspace/Workspace.Domain/Workspace.Domain.csproj" />
  </Folder>

  <Folder Name="/tests/">
    <Project Path="tests/Console/Console.csproj" />
  </Folder>
  <Folder Name="/tests/DomainTests/">
    <Project Path="tests/DomainTests/DomainTest.Academic/DomainTest.Academic.csproj" />
  </Folder>
</Solution>
